
Microsoft Visual Studio Solution File, Format Version 12.00
# Visual Studio 15
VisualStudioVersion = 15.0.28010.2036
MinimumVisualStudioVersion = 10.0.40219.1
Project("{FAE04EC0-301F-11D3-BF4B-00C04F79EFBC}") = "Hello2", "Hello2\Hello2.csproj", "{A5526B1E-826B-44E1-934E-8147F874F998}"
EndProject
Global
	GlobalSection(SolutionConfigurationPlatforms) = preSolution
		Debug|Any CPU = Debug|Any CPU
		Release|Any CPU = Release|Any CPU
	EndGlobalSection
	GlobalSection(ProjectConfigurationPlatforms) = postSolution
		{A5526B1E-826B-44E1-934E-8147F874F998}.Debug|Any CPU.ActiveCfg = Debug|Any CPU
		{A5526B1E-826B-44E1-934E-8147F874F998}.Debug|Any CPU.Build.0 = Debug|Any CPU
		{A5526B1E-826B-44E1-934E-8147F874F998}.Release|Any CPU.ActiveCfg = Release|Any CPU
		{A5526B1E-826B-44E1-934E-8147F874F998}.Release|Any CPU.Build.0 = Release|Any CPU
	EndGlobalSection
	GlobalSection(SolutionProperties) = preSolution
		HideSolutionNode = FALSE
	EndGlobalSection
	GlobalSection(ExtensibilityGlobals) = postSolution
		SolutionGuid = {26637CAB-F7F4-43DA-A11F-FC5824284FA9}
	EndGlobalSection
EndGlobal
